lockfileVersion: '6.0'

settings:
  autoInstallPeers: true
  excludeLinksFromLockfile: false

dependencies:
  xmldom:
    specifier: ^0.6.0
    version: 0.6.0

packages:

  /xmldom@0.6.0:
    resolution: {integrity: sha512-iAcin401y58LckRZ0TkI4k0VSM1Qg0KGSc3i8rU+xrxe19A/BN1zHyVSJY7uoutVlaTSzYyk/v5AmkewAP7jtg==}
    engines: {node: '>=10.0.0'}
    dev: false
